
Microsoft Visual Studio Solution File, Format Version 12.00
# Visual Studio Version 16
VisualStudioVersion = 16.0.29609.76
MinimumVisualStudioVersion = 10.0.40219.1
Project("{FAE04EC0-301F-11D3-BF4B-00C04F79EFBC}") = "M.App", "M.App\M.App.csproj", "{7B5ACDD7-6EF1-41D7-8639-B2B6B35FD4BB}"
EndProject
Global
	GlobalSection(SolutionConfigurationPlatforms) = preSolution
		Debug|Any CPU = Debug|Any CPU
		Release|Any CPU = Release|Any CPU
	EndGlobalSection
	GlobalSection(ProjectConfigurationPlatforms) = postSolution
		{7B5ACDD7-6EF1-41D7-8639-B2B6B35FD4BB}.Debug|Any CPU.ActiveCfg = Debug|Any CPU
		{7B5ACDD7-6EF1-41D7-8639-B2B6B35FD4BB}.Debug|Any CPU.Build.0 = Debug|Any CPU
		{7B5ACDD7-6EF1-41D7-8639-B2B6B35FD4BB}.Release|Any CPU.ActiveCfg = Release|Any CPU
		{7B5ACDD7-6EF1-41D7-8639-B2B6B35FD4BB}.Release|Any CPU.Build.0 = Release|Any CPU
	EndGlobalSection
	GlobalSection(SolutionProperties) = preSolution
		HideSolutionNode = FALSE
	EndGlobalSection
	GlobalSection(ExtensibilityGlobals) = postSolution
		SolutionGuid = {A55C3C7B-8E40-460E-9404-96D89C87A2AB}
	EndGlobalSection
EndGlobal
